
Microsoft Visual Studio Solution File, Format Version 12.00
# Visual Studio Version 17
VisualStudioVersion = 17.11.35312.102
MinimumVisualStudioVersion = 10.0.40219.1
Project("{9A19103F-16F7-4668-BE54-9A1E7A4F7556}") = "DissertationThemes.SharedLibrary", "DissertationThemes.SharedLibrary\DissertationThemes.SharedLibrary.csproj", "{ECC22CE6-9716-4AC7-BEE4-C02A02AD7964}"
EndProject
Project("{FAE04EC0-301F-11D3-BF4B-00C04F79EFBC}") = "DissertationThemes.ImporterApp", "DissertationThemes.ImporterApp\DissertationThemes.ImporterApp.csproj", "{07BA4710-CD90-4143-BB66-486355263B6F}"
EndProject
Project("{FAE04EC0-301F-11D3-BF4B-00C04F79EFBC}") = "DissertationThemes.WebApi", "DissertationThemes.WebApi\DissertationThemes.WebApi.csproj", "{4533610F-C9E5-4E20-ADC8-636C6A1B9CDB}"
EndProject
Project("{FAE04EC0-301F-11D3-BF4B-00C04F79EFBC}") = "DissertationThemes.ViewerApp", "DissertationThemes.ViewerApp\DissertationThemes.ViewerApp.csproj", "{4A5A8752-5669-43F2-8A4B-4164F48C1690}"
EndProject
Global
	GlobalSection(SolutionConfigurationPlatforms) = preSolution
		Debug|Any CPU = Debug|Any CPU
		Release|Any CPU = Release|Any CPU
	EndGlobalSection
	GlobalSection(ProjectConfigurationPlatforms) = postSolution
		{ECC22CE6-9716-4AC7-BEE4-C02A02AD7964}.Debug|Any CPU.ActiveCfg = Debug|Any CPU
		{ECC22CE6-9716-4AC7-BEE4-C02A02AD7964}.Debug|Any CPU.Build.0 = Debug|Any CPU
		{ECC22CE6-9716-4AC7-BEE4-C02A02AD7964}.Release|Any CPU.ActiveCfg = Release|Any CPU
		{ECC22CE6-9716-4AC7-BEE4-C02A02AD7964}.Release|Any CPU.Build.0 = Release|Any CPU
		{07BA4710-CD90-4143-BB66-486355263B6F}.Debug|Any CPU.ActiveCfg = Debug|Any CPU
		{07BA4710-CD90-4143-BB66-486355263B6F}.Debug|Any CPU.Build.0 = Debug|Any CPU
		{07BA4710-CD90-4143-BB66-486355263B6F}.Release|Any CPU.ActiveCfg = Release|Any CPU
		{07BA4710-CD90-4143-BB66-486355263B6F}.Release|Any CPU.Build.0 = Release|Any CPU
		{4533610F-C9E5-4E20-ADC8-636C6A1B9CDB}.Debug|Any CPU.ActiveCfg = Debug|Any CPU
		{4533610F-C9E5-4E20-ADC8-636C6A1B9CDB}.Debug|Any CPU.Build.0 = Debug|Any CPU
		{4533610F-C9E5-4E20-ADC8-636C6A1B9CDB}.Release|Any CPU.ActiveCfg = Release|Any CPU
		{4533610F-C9E5-4E20-ADC8-636C6A1B9CDB}.Release|Any CPU.Build.0 = Release|Any CPU
		{4A5A8752-5669-43F2-8A4B-4164F48C1690}.Debug|Any CPU.ActiveCfg = Debug|Any CPU
		{4A5A8752-5669-43F2-8A4B-4164F48C1690}.Debug|Any CPU.Build.0 = Debug|Any CPU
		{4A5A8752-5669-43F2-8A4B-4164F48C1690}.Release|Any CPU.ActiveCfg = Release|Any CPU
		{4A5A8752-5669-43F2-8A4B-4164F48C1690}.Release|Any CPU.Build.0 = Release|Any CPU
	EndGlobalSection
	GlobalSection(SolutionProperties) = preSolution
		HideSolutionNode = FALSE
	EndGlobalSection
	GlobalSection(ExtensibilityGlobals) = postSolution
		SolutionGuid = {325FAEF9-D999-45E6-81D4-9E6195998A57}
	EndGlobalSection
EndGlobal
